
Microsoft Visual Studio Solution File, Format Version 12.00
# Visual Studio Version 17
VisualStudioVersion = 17.8.34330.188
MinimumVisualStudioVersion = 10.0.40219.1
Project("{8BC9CEB8-8B4A-11D0-8D11-00A0C91BC942}") = "C++17", "C++17\C++17.vcxproj", "{D2B4FE7C-9420-4754-AB6A-C19CA67E61BB}"
EndProject
Global
	GlobalSection(SolutionConfigurationPlatforms) = preSolution
		Debug|x64 = Debug|x64
		Debug|x86 = Debug|x86
		Release|x64 = Release|x64
		Release|x86 = Release|x86
	EndGlobalSection
	GlobalSection(ProjectConfigurationPlatforms) = postSolution
		{D2B4FE7C-9420-4754-AB6A-C19CA67E61BB}.Debug|x64.ActiveCfg = Debug|x64
		{D2B4FE7C-9420-4754-AB6A-C19CA67E61BB}.Debug|x64.Build.0 = Debug|x64
		{D2B4FE7C-9420-4754-AB6A-C19CA67E61BB}.Debug|x86.ActiveCfg = Debug|Win32
		{D2B4FE7C-9420-4754-AB6A-C19CA67E61BB}.Debug|x86.Build.0 = Debug|Win32
		{D2B4FE7C-9420-4754-AB6A-C19CA67E61BB}.Release|x64.ActiveCfg = Release|x64
		{D2B4FE7C-9420-4754-AB6A-C19CA67E61BB}.Release|x64.Build.0 = Release|x64
		{D2B4FE7C-9420-4754-AB6A-C19CA67E61BB}.Release|x86.ActiveCfg = Release|Win32
		{D2B4FE7C-9420-4754-AB6A-C19CA67E61BB}.Release|x86.Build.0 = Release|Win32
	EndGlobalSection
	GlobalSection(SolutionProperties) = preSolution
		HideSolutionNode = FALSE
	EndGlobalSection
	GlobalSection(ExtensibilityGlobals) = postSolution
		SolutionGuid = {01628C4F-FAC0-4AAE-BAA2-B356FA80BDB5}
	EndGlobalSection
EndGlobal
